{
  "name": "musubix2",
  "lockfileVersion": 3,
  "requires": true,
  "packages": {
    "": {
      "dependencies": {
        "musubix2": "^0.3.7"
      }
    },
    "node_modules/musubix2": {
      "version": "0.3.7",
      "resolved": "https://registry.npmjs.org/musubix2/-/musubix2-0.3.7.tgz",
      "integrity": "sha512-vv75TJdm6p5rM+eQMehSj91picy+DQtQjzkuT1pSzsxcEYftbcwSFJcIFSv7CJAxKYT/AInE04Np63FcIzitDg==",
      "license": "MIT",
      "dependencies": {
        "typescript": "^5.7.0"
      },
      "bin": {
        "musubix": "bin/musubix.mjs",
        "musubix2": "bin/musubix.mjs"
      },
      "engines": {
        "node": ">=20.0.0"
      }
    },
    "node_modules/typescript": {
      "version": "5.9.3",
      "license": "Apache-2.0",
      "bin": {
        "tsc": "bin/tsc",
        "tsserver": "bin/tsserver"
      },
      "engines": {
        "node": ">=14.17"
      }
    }
  }
}
